
Microsoft Visual Studio Solution File, Format Version 12.00
# Visual Studio Version 16
VisualStudioVersion = 16.0.30709.132
MinimumVisualStudioVersion = 10.0.40219.1
Project("{2150E333-8FDC-42A3-9474-1A3956D46DE8}") = "src", "src", "{C0799D3D-372C-4CC8-A1C9-FCB78BAF000E}"
EndProject
Project("{2150E333-8FDC-42A3-9474-1A3956D46DE8}") = "test", "test", "{FD160DB9-7312-4B0C-BD1A-E04A0AF64370}"
EndProject
Project("{FAE04EC0-301F-11D3-BF4B-00C04F79EFBC}") = "Profanity.API", "src\Profanity.API\Profanity.API.csproj", "{63F01697-494E-480B-8504-7BFBCB1A5671}"
EndProject
Project("{FAE04EC0-301F-11D3-BF4B-00C04F79EFBC}") = "Profanity.Service", "src\Profanity.Service\Profanity.Service.csproj", "{DBEA6BDC-1303-4844-9009-7DFC8AB2DABE}"
EndProject
Project("{FAE04EC0-301F-11D3-BF4B-00C04F79EFBC}") = "Profanity.Data", "src\Profanity.Data\Profanity.Data.csproj", "{74A64FCD-68AC-4624-9B23-AE6AB72B13DF}"
EndProject
Project("{FAE04EC0-301F-11D3-BF4B-00C04F79EFBC}") = "Profanity.Service.Test", "test\Profanity.Service.Test\Profanity.Service.Test.csproj", "{6A704AE7-0E1F-4A18-9C2A-0B8CF95583E3}"
EndProject
Project("{FAE04EC0-301F-11D3-BF4B-00C04F79EFBC}") = "Profanity.API.Test", "test\Profanity.API.Test\Profanity.API.Test.csproj", "{76FC3AF7-98CE-4943-8183-851BB49FF446}"
EndProject
Project("{FAE04EC0-301F-11D3-BF4B-00C04F79EFBC}") = "Profanity.Data.Test", "test\Profanity.Data.Test\Profanity.Data.Test.csproj", "{A9798DE2-5E85-46E2-B950-60B8D5EB075B}"
EndProject
Global
	GlobalSection(SolutionConfigurationPlatforms) = preSolution
		Debug|Any CPU = Debug|Any CPU
		Release|Any CPU = Release|Any CPU
	EndGlobalSection
	GlobalSection(ProjectConfigurationPlatforms) = postSolution
		{63F01697-494E-480B-8504-7BFBCB1A5671}.Debug|Any CPU.ActiveCfg = Debug|Any CPU
		{63F01697-494E-480B-8504-7BFBCB1A5671}.Debug|Any CPU.Build.0 = Debug|Any CPU
		{63F01697-494E-480B-8504-7BFBCB1A5671}.Release|Any CPU.ActiveCfg = Release|Any CPU
		{63F01697-494E-480B-8504-7BFBCB1A5671}.Release|Any CPU.Build.0 = Release|Any CPU
		{DBEA6BDC-1303-4844-9009-7DFC8AB2DABE}.Debug|Any CPU.ActiveCfg = Debug|Any CPU
		{DBEA6BDC-1303-4844-9009-7DFC8AB2DABE}.Debug|Any CPU.Build.0 = Debug|Any CPU
		{DBEA6BDC-1303-4844-9009-7DFC8AB2DABE}.Release|Any CPU.ActiveCfg = Release|Any CPU
		{DBEA6BDC-1303-4844-9009-7DFC8AB2DABE}.Release|Any CPU.Build.0 = Release|Any CPU
		{74A64FCD-68AC-4624-9B23-AE6AB72B13DF}.Debug|Any CPU.ActiveCfg = Debug|Any CPU
		{74A64FCD-68AC-4624-9B23-AE6AB72B13DF}.Debug|Any CPU.Build.0 = Debug|Any CPU
		{74A64FCD-68AC-4624-9B23-AE6AB72B13DF}.Release|Any CPU.ActiveCfg = Release|Any CPU
		{74A64FCD-68AC-4624-9B23-AE6AB72B13DF}.Release|Any CPU.Build.0 = Release|Any CPU
		{6A704AE7-0E1F-4A18-9C2A-0B8CF95583E3}.Debug|Any CPU.ActiveCfg = Debug|Any CPU
		{6A704AE7-0E1F-4A18-9C2A-0B8CF95583E3}.Debug|Any CPU.Build.0 = Debug|Any CPU
		{6A704AE7-0E1F-4A18-9C2A-0B8CF95583E3}.Release|Any CPU.ActiveCfg = Release|Any CPU
		{6A704AE7-0E1F-4A18-9C2A-0B8CF95583E3}.Release|Any CPU.Build.0 = Release|Any CPU
		{76FC3AF7-98CE-4943-8183-851BB49FF446}.Debug|Any CPU.ActiveCfg = Debug|Any CPU
		{76FC3AF7-98CE-4943-8183-851BB49FF446}.Debug|Any CPU.Build.0 = Debug|Any CPU
		{76FC3AF7-98CE-4943-8183-851BB49FF446}.Release|Any CPU.ActiveCfg = Release|Any CPU
		{76FC3AF7-98CE-4943-8183-851BB49FF446}.Release|Any CPU.Build.0 = Release|Any CPU
		{A9798DE2-5E85-46E2-B950-60B8D5EB075B}.Debug|Any CPU.ActiveCfg = Debug|Any CPU
		{A9798DE2-5E85-46E2-B950-60B8D5EB075B}.Debug|Any CPU.Build.0 = Debug|Any CPU
		{A9798DE2-5E85-46E2-B950-60B8D5EB075B}.Release|Any CPU.ActiveCfg = Release|Any CPU
		{A9798DE2-5E85-46E2-B950-60B8D5EB075B}.Release|Any CPU.Build.0 = Release|Any CPU
	EndGlobalSection
	GlobalSection(SolutionProperties) = preSolution
		HideSolutionNode = FALSE
	EndGlobalSection
	GlobalSection(NestedProjects) = preSolution
		{63F01697-494E-480B-8504-7BFBCB1A5671} = {C0799D3D-372C-4CC8-A1C9-FCB78BAF000E}
		{DBEA6BDC-1303-4844-9009-7DFC8AB2DABE} = {C0799D3D-372C-4CC8-A1C9-FCB78BAF000E}
		{74A64FCD-68AC-4624-9B23-AE6AB72B13DF} = {C0799D3D-372C-4CC8-A1C9-FCB78BAF000E}
		{6A704AE7-0E1F-4A18-9C2A-0B8CF95583E3} = {FD160DB9-7312-4B0C-BD1A-E04A0AF64370}
		{76FC3AF7-98CE-4943-8183-851BB49FF446} = {FD160DB9-7312-4B0C-BD1A-E04A0AF64370}
		{A9798DE2-5E85-46E2-B950-60B8D5EB075B} = {FD160DB9-7312-4B0C-BD1A-E04A0AF64370}
	EndGlobalSection
	GlobalSection(ExtensibilityGlobals) = postSolution
		SolutionGuid = {4ED956F4-917F-477A-9D55-4C2000434680}
	EndGlobalSection
EndGlobal
